{
  "object": {
    "pins": [
      {
        "package": "Overture",
        "repositoryURL": "https://github.com/pointfreeco/swift-overture",
        "state": {
          "branch": null,
          "revision": "7977acd7597f413717058acc1e080731249a1d7e",
          "version": "0.5.0"
        }
      },
      {
        "package": "Prelude",
        "repositoryURL": "https://github.com/thomjordan/swift-prelude",
        "state": {
          "branch": null,
          "revision": "6e426b0300360d3892f14639a4a5e7f3b8655689",
          "version": "0.1.3"
        }
      }
    ]
  },
  "version": 1
}
